
Microsoft Visual Studio Solution File, Format Version 12.00
# Visual Studio Version 17
VisualStudioVersion = 17.6.33829.357
MinimumVisualStudioVersion = 10.0.40219.1
Project("{9A19103F-16F7-4668-BE54-9A1E7A4F7556}") = "LearningOutcome8", "LearningOutcome8\LearningOutcome8.csproj", "{60C06379-E4FC-4F10-8583-3FA385E44A28}"
EndProject
Project("{9A19103F-16F7-4668-BE54-9A1E7A4F7556}") = "LearningOutcome8.Tests", "LearningOutcome8.Tests\LearningOutcome8.Tests.csproj", "{7F671C37-2E0E-4F13-944B-B7FB50DA1EA1}"
EndProject
Global
	GlobalSection(SolutionConfigurationPlatforms) = preSolution
		Debug|Any CPU = Debug|Any CPU
		Release|Any CPU = Release|Any CPU
	EndGlobalSection
	GlobalSection(ProjectConfigurationPlatforms) = postSolution
		{60C06379-E4FC-4F10-8583-3FA385E44A28}.Debug|Any CPU.ActiveCfg = Debug|Any CPU
		{60C06379-E4FC-4F10-8583-3FA385E44A28}.Debug|Any CPU.Build.0 = Debug|Any CPU
		{60C06379-E4FC-4F10-8583-3FA385E44A28}.Release|Any CPU.ActiveCfg = Release|Any CPU
		{60C06379-E4FC-4F10-8583-3FA385E44A28}.Release|Any CPU.Build.0 = Release|Any CPU
		{7F671C37-2E0E-4F13-944B-B7FB50DA1EA1}.Debug|Any CPU.ActiveCfg = Debug|Any CPU
		{7F671C37-2E0E-4F13-944B-B7FB50DA1EA1}.Debug|Any CPU.Build.0 = Debug|Any CPU
		{7F671C37-2E0E-4F13-944B-B7FB50DA1EA1}.Release|Any CPU.ActiveCfg = Release|Any CPU
		{7F671C37-2E0E-4F13-944B-B7FB50DA1EA1}.Release|Any CPU.Build.0 = Release|Any CPU
	EndGlobalSection
	GlobalSection(SolutionProperties) = preSolution
		HideSolutionNode = FALSE
	EndGlobalSection
	GlobalSection(ExtensibilityGlobals) = postSolution
		SolutionGuid = {07A07AD4-6914-4950-99AB-21E25B9CBF61}
	EndGlobalSection
EndGlobal
